
Microsoft Visual Studio Solution File, Format Version 12.00
# Visual Studio Version 17
VisualStudioVersion = 17.4.33103.184
MinimumVisualStudioVersion = 10.0.40219.1
Project("{9A19103F-16F7-4668-BE54-9A1E7A4F7556}") = "ContactHub", "ContactHub.csproj", "{2D59F3D5-368A-428E-A890-19F71CE827FB}"
EndProject
Global
	GlobalSection(SolutionConfigurationPlatforms) = preSolution
		Debug|Any CPU = Debug|Any CPU
		Release|Any CPU = Release|Any CPU
	EndGlobalSection
	GlobalSection(ProjectConfigurationPlatforms) = postSolution
		{2D59F3D5-368A-428E-A890-19F71CE827FB}.Debug|Any CPU.ActiveCfg = Debug|Any CPU
		{2D59F3D5-368A-428E-A890-19F71CE827FB}.Debug|Any CPU.Build.0 = Debug|Any CPU
		{2D59F3D5-368A-428E-A890-19F71CE827FB}.Release|Any CPU.ActiveCfg = Release|Any CPU
		{2D59F3D5-368A-428E-A890-19F71CE827FB}.Release|Any CPU.Build.0 = Release|Any CPU
	EndGlobalSection
	GlobalSection(SolutionProperties) = preSolution
		HideSolutionNode = FALSE
	EndGlobalSection
	GlobalSection(ExtensibilityGlobals) = postSolution
		SolutionGuid = {56BBA4A1-F9E9-492C-A43B-48D3B5A852EB}
	EndGlobalSection
EndGlobal
